# This file is automatically @generated by Cargo.
# It is not intended for manual editing.
version = 4

[[package]]
name = "znative"
version = "0.12.22"
source = "registry+https://github.com/rust-lang/crates.io-index"
checksum = "52e9cca6ce19c5fa9b438777db08ff179d391c1a6da90223dda8b04019118442"

[[package]]
name = "zsh_z"
version = "0.1.1"
dependencies = [
 "znative",
]
